
Microsoft Visual Studio Solution File, Format Version 12.00
# Visual Studio Version 17
VisualStudioVersion = 17.9.34607.119
MinimumVisualStudioVersion = 10.0.40219.1
Project("{FAE04EC0-301F-11D3-BF4B-00C04F79EFBC}") = "API", "API.csproj", "{C6331B8E-F562-42A2-8815-6E5F2EA2AF81}"
EndProject
Global
	GlobalSection(SolutionConfigurationPlatforms) = preSolution
		Debug|Any CPU = Debug|Any CPU
		Release|Any CPU = Release|Any CPU
	EndGlobalSection
	GlobalSection(ProjectConfigurationPlatforms) = postSolution
		{C6331B8E-F562-42A2-8815-6E5F2EA2AF81}.Debug|Any CPU.ActiveCfg = Debug|Any CPU
		{C6331B8E-F562-42A2-8815-6E5F2EA2AF81}.Debug|Any CPU.Build.0 = Debug|Any CPU
		{C6331B8E-F562-42A2-8815-6E5F2EA2AF81}.Release|Any CPU.ActiveCfg = Release|Any CPU
		{C6331B8E-F562-42A2-8815-6E5F2EA2AF81}.Release|Any CPU.Build.0 = Release|Any CPU
	EndGlobalSection
	GlobalSection(SolutionProperties) = preSolution
		HideSolutionNode = FALSE
	EndGlobalSection
	GlobalSection(ExtensibilityGlobals) = postSolution
		SolutionGuid = {0FE0D04F-A76E-42AC-BF4B-05921C610C56}
	EndGlobalSection
EndGlobal
